
Microsoft Visual Studio Solution File, Format Version 12.00
# Visual Studio 15
VisualStudioVersion = 15.0.28307.1082
MinimumVisualStudioVersion = 10.0.40219.1
Project("{FAE04EC0-301F-11D3-BF4B-00C04F79EFBC}") = "MonteCarloIntegration", "MonteCarloIntegration\MonteCarloIntegration.csproj", "{7A303A1A-980F-40F7-A767-1F3F16693C4D}"
EndProject
Global
	GlobalSection(SolutionConfigurationPlatforms) = preSolution
		Debug|Any CPU = Debug|Any CPU
		Release|Any CPU = Release|Any CPU
	EndGlobalSection
	GlobalSection(ProjectConfigurationPlatforms) = postSolution
		{7A303A1A-980F-40F7-A767-1F3F16693C4D}.Debug|Any CPU.ActiveCfg = Debug|Any CPU
		{7A303A1A-980F-40F7-A767-1F3F16693C4D}.Debug|Any CPU.Build.0 = Debug|Any CPU
		{7A303A1A-980F-40F7-A767-1F3F16693C4D}.Release|Any CPU.ActiveCfg = Release|Any CPU
		{7A303A1A-980F-40F7-A767-1F3F16693C4D}.Release|Any CPU.Build.0 = Release|Any CPU
	EndGlobalSection
	GlobalSection(SolutionProperties) = preSolution
		HideSolutionNode = FALSE
	EndGlobalSection
	GlobalSection(ExtensibilityGlobals) = postSolution
		SolutionGuid = {AA38E3DA-2740-4166-99B4-5AAB4E7CBD4F}
	EndGlobalSection
EndGlobal
